{
  "name": "voweler",
  "version": "1.0.4",
  "lockfileVersion": 1,
  "requires": true,
  "dependencies": {
    "double-metaphone": {
      "version": "1.0.3",
      "resolved": "https://registry.npmjs.org/double-metaphone/-/double-metaphone-1.0.3.tgz",
      "integrity": "sha512-xQRPDe3y2n0ob3f0vjSybOCh/C5p1aUzsxUICYlsOkzBhb153tzG8Ni7zKWLa0jdd8eqhkVZ4rnUl+yENzkAYA=="
    },
    "levenshtein-edit-distance": {
      "version": "2.0.3",
      "resolved": "https://registry.npmjs.org/levenshtein-edit-distance/-/levenshtein-edit-distance-2.0.3.tgz",
      "integrity": "sha512-m/SHpXjfKnArO8E9/o5Fd5+N4TLHU/72+zk4s7OpowBGmZK5MqAsuQ0xuYDftIyXyfqU99dmeMfpujWxo8FIJg=="
    }
  }
}
