{
  "name": "voweler",
  "version": "1.0.0",
  "lockfileVersion": 1,
  "requires": true,
  "dependencies": {
    "levenshtein-edit-distance": {
      "version": "2.0.3",
      "resolved": "https://registry.npmjs.org/levenshtein-edit-distance/-/levenshtein-edit-distance-2.0.3.tgz",
      "integrity": "sha512-m/SHpXjfKnArO8E9/o5Fd5+N4TLHU/72+zk4s7OpowBGmZK5MqAsuQ0xuYDftIyXyfqU99dmeMfpujWxo8FIJg=="
    },
    "metaphone": {
      "version": "1.0.4",
      "resolved": "https://registry.npmjs.org/metaphone/-/metaphone-1.0.4.tgz",
      "integrity": "sha512-c9jZqhPthaSMzF13zTzMiIwBmtti2kAaGdsDm4Az4Y/ozdQpP+vbWyZdlEz+J8FvSaND3Nbl3YCzVsofLmBpsA=="
    }
  }
}
